
Microsoft Visual Studio Solution File, Format Version 12.00
# Visual Studio Version 17
VisualStudioVersion = 17.8.34330.188
MinimumVisualStudioVersion = 10.0.40219.1
Project("{FAE04EC0-301F-11D3-BF4B-00C04F79EFBC}") = "learn1", "learn1\learn1.csproj", "{86961BA4-1810-41D5-91DA-8D2B4392E216}"
EndProject
Global
	GlobalSection(SolutionConfigurationPlatforms) = preSolution
		Debug|Any CPU = Debug|Any CPU
		Release|Any CPU = Release|Any CPU
	EndGlobalSection
	GlobalSection(ProjectConfigurationPlatforms) = postSolution
		{86961BA4-1810-41D5-91DA-8D2B4392E216}.Debug|Any CPU.ActiveCfg = Debug|Any CPU
		{86961BA4-1810-41D5-91DA-8D2B4392E216}.Debug|Any CPU.Build.0 = Debug|Any CPU
		{86961BA4-1810-41D5-91DA-8D2B4392E216}.Release|Any CPU.ActiveCfg = Release|Any CPU
		{86961BA4-1810-41D5-91DA-8D2B4392E216}.Release|Any CPU.Build.0 = Release|Any CPU
	EndGlobalSection
	GlobalSection(SolutionProperties) = preSolution
		HideSolutionNode = FALSE
	EndGlobalSection
	GlobalSection(ExtensibilityGlobals) = postSolution
		SolutionGuid = {795D4138-FE48-405A-B5AF-CE4537FFE3CA}
	EndGlobalSection
EndGlobal
